// !$*UTF8*$!
{
	archiveVersion = 1;
	classes = {
	};
	objectVersion = 55;
	objects = {

/* Begin PBXBuildFile section */
		954C619F289E402A00BA11A1 /* RxCocoa in Frameworks */ = {isa = PBXBuildFile; productRef = 954C619E289E402A00BA11A1 /* RxCocoa */; };
		954C61A1289E402A00BA11A1 /* RxRelay in Frameworks */ = {isa = PBXBuildFile; productRef = 954C61A0289E402A00BA11A1 /* RxRelay */; };
		954C61A3289E402A00BA11A1 /* RxSwift in Frameworks */ = {isa = PBXBuildFile; productRef = 954C61A2289E402A00BA11A1 /* RxSwift */; };
		954C61A5289E407B00BA11A1 /* ViewModel.swift in Sources */ = {isa = PBXBuildFile; fileRef = 954C61A4289E407B00BA11A1 /* ViewModel.swift */; };
		954C61A7289E414E00BA11A1 /* Model.swift in Sources */ = {isa = PBXBuildFile; fileRef = 954C61A6289E414E00BA11A1 /* Model.swift */; };
		9578B16D289E3F23003C75F4 /* AppDelegate.swift in Sources */ = {isa = PBXBuildFile; fileRef = 9578B16C289E3F23003C75F4 /* AppDelegate.swift */; };
		9578B16F289E3F23003C75F4 /* SceneDelegate.swift in Sources */ = {isa = PBXBuildFile; fileRef = 9578B16E289E3F23003C75F4 /* SceneDelegate.swift */; };
		9578B171289E3F23003C75F4 /* ViewController.swift in Sources */ = {isa = PBXBuildFile; fileRef = 9578B170289E3F23003C75F4 /* ViewController.swift */; };
		9578B174289E3F23003C75F4 /* Main.storyboard in Resources */ = {isa = PBXBuildFile; fileRef = 9578B172289E3F23003C75F4 /* Main.storyboard */; };
		9578B176289E3F23003C75F4 /* Assets.xcassets in Resources */ = {isa = PBXBuildFile; fileRef = 9578B175289E3F23003C75F4 /* Assets.xcassets */; };
		9578B179289E3F23003C75F4 /* LaunchScreen.storyboard in Resources */ = {isa = PBXBuildFile; fileRef = 9578B177289E3F23003C75F4 /* LaunchScreen.storyboard */; };
/* End PBXBuildFile section */

/* Begin PBXFileReference section */
		954C61A4289E407B00BA11A1 /* ViewModel.swift */ = {isa = PBXFileReference; lastKnownFileType = sourcecode.swift; path = ViewModel.swift; sourceTree = "<group>"; };
		954C61A6289E414E00BA11A1 /* Model.swift */ = {isa = PBXFileReference; lastKnownFileType = sourcecode.swift; path = Model.swift; sourceTree = "<group>"; };
		9578B169289E3F23003C75F4 /* MiniApp-RxSwift-MVVM-Sample03.app */ = {isa = PBXFileReference; explicitFileType = wrapper.application; includeInIndex = 0; path = "MiniApp-RxSwift-MVVM-Sample03.app"; sourceTree = BUILT_PRODUCTS_DIR; };
		9578B16C289E3F23003C75F4 /* AppDelegate.swift */ = {isa = PBXFileReference; lastKnownFileType = sourcecode.swift; path = AppDelegate.swift; sourceTree = "<group>"; };
		9578B16E289E3F23003C75F4 /* SceneDelegate.swift */ = {isa = PBXFileReference; lastKnownFileType = sourcecode.swift; path = SceneDelegate.swift; sourceTree = "<group>"; };
		9578B170289E3F23003C75F4 /* ViewController.swift */ = {isa = PBXFileReference; lastKnownFileType = sourcecode.swift; path = ViewController.swift; sourceTree = "<group>"; };
		9578B173289E3F23003C75F4 /* Base */ = {isa = PBXFileReference; lastKnownFileType = file.storyboard; name = Base; path = Base.lproj/Main.storyboard; sourceTree = "<group>"; };
		9578B175289E3F23003C75F4 /* Assets.xcassets */ = {isa = PBXFileReference; lastKnownFileType = folder.assetcatalog; path = Assets.xcassets; sourceTree = "<group>"; };
		9578B178289E3F23003C75F4 /* Base */ = {isa = PBXFileReference; lastKnownFileType = file.storyboard; name = Base; path = Base.lproj/LaunchScreen.storyboard; sourceTree = "<group>"; };
		9578B17A289E3F23003C75F4 /* Info.plist */ = {isa = PBXFileReference; lastKnownFileType = text.plist.xml; path = Info.plist; sourceTree = "<group>"; };
/* End PBXFileReference section */

/* Begin PBXFrameworksBuildPhase section */
		9578B166289E3F23003C75F4 /* Frameworks */ = {
			isa = PBXFrameworksBuildPhase;
			buildActionMask = 2147483647;
			files = (
				954C61A3289E402A00BA11A1 /* RxSwift in Frameworks */,
				954C61A1289E402A00BA11A1 /* RxRelay in Frameworks */,
				954C619F289E402A00BA11A1 /* RxCocoa in Frameworks */,
			);
			runOnlyForDeploymentPostprocessing = 0;
		};
/* End PBXFrameworksBuildPhase section */

/* Begin PBXGroup section */
		9578B160289E3F23003C75F4 = {
			isa = PBXGroup;
			children = (
				9578B16B289E3F23003C75F4 /* MiniApp-RxSwift-MVVM-Sample03 */,
				9578B16A289E3F23003C75F4 /* Products */,
			);
			sourceTree = "<group>";
		};
		9578B16A289E3F23003C75F4 /* Products */ = {
			isa = PBXGroup;
			children = (
				9578B169289E3F23003C75F4 /* MiniApp-RxSwift-MVVM-Sample03.app */,
			);
			name = Products;
			sourceTree = "<group>";
		};
		9578B16B289E3F23003C75F4 /* MiniApp-RxSwift-MVVM-Sample03 */ = {
			isa = PBXGroup;
			children = (
				9578B16C289E3F23003C75F4 /* AppDelegate.swift */,
				9578B16E289E3F23003C75F4 /* SceneDelegate.swift */,
				9578B170289E3F23003C75F4 /* ViewController.swift */,
				954C61A4289E407B00BA11A1 /* ViewModel.swift */,
				954C61A6289E414E00BA11A1 /* Model.swift */,
				9578B172289E3F23003C75F4 /* Main.storyboard */,
				9578B175289E3F23003C75F4 /* Assets.xcassets */,
				9578B177289E3F23003C75F4 /* LaunchScreen.storyboard */,
				9578B17A289E3F23003C75F4 /* Info.plist */,
			);
			path = "MiniApp-RxSwift-MVVM-Sample03";
			sourceTree = "<group>";
		};
/* End PBXGroup section */

/* Begin PBXNativeTarget section */
		9578B168289E3F23003C75F4 /* MiniApp-RxSwift-MVVM-Sample03 */ = {
			isa = PBXNativeTarget;
			buildConfigurationList = 9578B17D289E3F23003C75F4 /* Build configuration list for PBXNativeTarget "MiniApp-RxSwift-MVVM-Sample03" */;
			buildPhases = (
				9578B165289E3F23003C75F4 /* Sources */,
				9578B166289E3F23003C75F4 /* Frameworks */,
				9578B167289E3F23003C75F4 /* Resources */,
			);
			buildRules = (
			);
			dependencies = (
			);
			name = "MiniApp-RxSwift-MVVM-Sample03";
			packageProductDependencies = (
				954C619E289E402A00BA11A1 /* RxCocoa */,
				954C61A0289E402A00BA11A1 /* RxRelay */,
				954C61A2289E402A00BA11A1 /* RxSwift */,
			);
			productName = "MiniApp-RxSwift-MVVM-Sample03";
			productReference = 9578B169289E3F23003C75F4 /* MiniApp-RxSwift-MVVM-Sample03.app */;
			productType = "com.apple.product-type.application";
		};
/* End PBXNativeTarget section */

/* Begin PBXProject section */
		9578B161289E3F23003C75F4 /* Project object */ = {
			isa = PBXProject;
			attributes = {
				BuildIndependentTargetsInParallel = 1;
				LastSwiftUpdateCheck = 1340;
				LastUpgradeCheck = 1340;
				TargetAttributes = {
					9578B168289E3F23003C75F4 = {
						CreatedOnToolsVersion = 13.4.1;
					};
				};
			};
			buildConfigurationList = 9578B164289E3F23003C75F4 /* Build configuration list for PBXProject "MiniApp-RxSwift-MVVM-Sample03" */;
			compatibilityVersion = "Xcode 13.0";
			developmentRegion = en;
			hasScannedForEncodings = 0;
			knownRegions = (
				en,
				Base,
			);
			mainGroup = 9578B160289E3F23003C75F4;
			packageReferences = (
				954C619D289E402A00BA11A1 /* XCRemoteSwiftPackageReference "RxSwift" */,
			);
			productRefGroup = 9578B16A289E3F23003C75F4 /* Products */;
			projectDirPath = "";
			projectRoot = "";
			targets = (
				9578B168289E3F23003C75F4 /* MiniApp-RxSwift-MVVM-Sample03 */,
			);
		};
/* End PBXProject section */

/* Begin PBXResourcesBuildPhase section */
		9578B167289E3F23003C75F4 /* Resources */ = {
			isa = PBXResourcesBuildPhase;
			buildActionMask = 2147483647;
			files = (
				9578B179289E3F23003C75F4 /* LaunchScreen.storyboard in Resources */,
				9578B176289E3F23003C75F4 /* Assets.xcassets in Resources */,
				9578B174289E3F23003C75F4 /* Main.storyboard in Resources */,
			);
			runOnlyForDeploymentPostprocessing = 0;
		};
/* End PBXResourcesBuildPhase section */

/* Begin PBXSourcesBuildPhase section */
		9578B165289E3F23003C75F4 /* Sources */ = {
			isa = PBXSourcesBuildPhase;
			buildActionMask = 2147483647;
			files = (
				954C61A7289E414E00BA11A1 /* Model.swift in Sources */,
				9578B171289E3F23003C75F4 /* ViewController.swift in Sources */,
				9578B16D289E3F23003C75F4 /* AppDelegate.swift in Sources */,
				954C61A5289E407B00BA11A1 /* ViewModel.swift in Sources */,
				9578B16F289E3F23003C75F4 /* SceneDelegate.swift in Sources */,
			);
			runOnlyForDeploymentPostprocessing = 0;
		};
/* End PBXSourcesBuildPhase section */

/* Begin PBXVariantGroup section */
		9578B172289E3F23003C75F4 /* Main.storyboard */ = {
			isa = PBXVariantGroup;
			children = (
				9578B173289E3F23003C75F4 /* Base */,
			);
			name = Main.storyboard;
			sourceTree = "<group>";
		};
		9578B177289E3F23003C75F4 /* LaunchScreen.storyboard */ = {
			isa = PBXVariantGroup;
			children = (
				9578B178289E3F23003C75F4 /* Base */,
			);
			name = LaunchScreen.storyboard;
			sourceTree = "<group>";
		};
/* End PBXVariantGroup section */

/* Begin XCBuildConfiguration section */
		9578B17B289E3F23003C75F4 /* Debug */ = {
			isa = XCBuildConfiguration;
			buildSettings = {
				ALWAYS_SEARCH_USER_PATHS = NO;
				CLANG_ANALYZER_NONNULL = YES;
				CLANG_ANALYZER_NUMBER_OBJECT_CONVERSION = YES_AGGRESSIVE;
				CLANG_CXX_LANGUAGE_STANDARD = "gnu++17";
				CLANG_ENABLE_MODULES = YES;
				CLANG_ENABLE_OBJC_ARC = YES;
				CLANG_ENABLE_OBJC_WEAK = YES;
				CLANG_WARN_BLOCK_CAPTURE_AUTORELEASING = YES;
				CLANG_WARN_BOOL_CONVERSION = YES;
				CLANG_WARN_COMMA = YES;
				CLANG_WARN_CONSTANT_CONVERSION = YES;
				CLANG_WARN_DEPRECATED_OBJC_IMPLEMENTATIONS = YES;
				CLANG_WARN_DIRECT_OBJC_ISA_USAGE = YES_ERROR;
				CLANG_WARN_DOCUMENTATION_COMMENTS = YES;
				CLANG_WARN_EMPTY_BODY = YES;
				CLANG_WARN_ENUM_CONVERSION = YES;
				CLANG_WARN_INFINITE_RECURSION = YES;
				CLANG_WARN_INT_CONVERSION = YES;
				CLANG_WARN_NON_LITERAL_NULL_CONVERSION = YES;
				CLANG_WARN_OBJC_IMPLICIT_RETAIN_SELF = YES;
				CLANG_WARN_OBJC_LITERAL_CONVERSION = YES;
				CLANG_WARN_OBJC_ROOT_CLASS = YES_ERROR;
				CLANG_WARN_QUOTED_INCLUDE_IN_FRAMEWORK_HEADER = YES;
				CLANG_WARN_RANGE_LOOP_ANALYSIS = YES;
				CLANG_WARN_STRICT_PROTOTYPES = YES;
				CLANG_WARN_SUSPICIOUS_MOVE = YES;
				CLANG_WARN_UNGUARDED_AVAILABILITY = YES_AGGRESSIVE;
				CLANG_WARN_UNREACHABLE_CODE = YES;
				CLANG_WARN__DUPLICATE_METHOD_MATCH = YES;
				COPY_PHASE_STRIP = NO;
				DEBUG_INFORMATION_FORMAT = dwarf;
				ENABLE_STRICT_OBJC_MSGSEND = YES;
				ENABLE_TESTABILITY = YES;
				GCC_C_LANGUAGE_STANDARD = gnu11;
				GCC_DYNAMIC_NO_PIC = NO;
				GCC_NO_COMMON_BLOCKS = YES;
				GCC_OPTIMIZATION_LEVEL = 0;
				GCC_PREPROCESSOR_DEFINITIONS = (
					"DEBUG=1",
					"$(inherited)",
				);
				GCC_WARN_64_TO_32_BIT_CONVERSION = YES;
				GCC_WARN_ABOUT_RETURN_TYPE = YES_ERROR;
				GCC_WARN_UNDECLARED_SELECTOR = YES;
				GCC_WARN_UNINITIALIZED_AUTOS = YES_AGGRESSIVE;
				GCC_WARN_UNUSED_FUNCTION = YES;
				GCC_WARN_UNUSED_VARIABLE = YES;
				IPHONEOS_DEPLOYMENT_TARGET = 15.5;
				MTL_ENABLE_DEBUG_INFO = INCLUDE_SOURCE;
				MTL_FAST_MATH = YES;
				ONLY_ACTIVE_ARCH = YES;
				SDKROOT = iphoneos;
				SWIFT_ACTIVE_COMPILATION_CONDITIONS = DEBUG;
				SWIFT_OPTIMIZATION_LEVEL = "-Onone";
			};
			name = Debug;
		};
		9578B17C289E3F23003C75F4 /* Release */ = {
			isa = XCBuildConfiguration;
			buildSettings = {
				ALWAYS_SEARCH_USER_PATHS = NO;
				CLANG_ANALYZER_NONNULL = YES;
				CLANG_ANALYZER_NUMBER_OBJECT_CONVERSION = YES_AGGRESSIVE;
				CLANG_CXX_LANGUAGE_STANDARD = "gnu++17";
				CLANG_ENABLE_MODULES = YES;
				CLANG_ENABLE_OBJC_ARC = YES;
				CLANG_ENABLE_OBJC_WEAK = YES;
				CLANG_WARN_BLOCK_CAPTURE_AUTORELEASING = YES;
				CLANG_WARN_BOOL_CONVERSION = YES;
				CLANG_WARN_COMMA = YES;
				CLANG_WARN_CONSTANT_CONVERSION = YES;
				CLANG_WARN_DEPRECATED_OBJC_IMPLEMENTATIONS = YES;
				CLANG_WARN_DIRECT_OBJC_ISA_USAGE = YES_ERROR;
				CLANG_WARN_DOCUMENTATION_COMMENTS = YES;
				CLANG_WARN_EMPTY_BODY = YES;
				CLANG_WARN_ENUM_CONVERSION = YES;
				CLANG_WARN_INFINITE_RECURSION = YES;
				CLANG_WARN_INT_CONVERSION = YES;
				CLANG_WARN_NON_LITERAL_NULL_CONVERSION = YES;
				CLANG_WARN_OBJC_IMPLICIT_RETAIN_SELF = YES;
				CLANG_WARN_OBJC_LITERAL_CONVERSION = YES;
				CLANG_WARN_OBJC_ROOT_CLASS = YES_ERROR;
				CLANG_WARN_QUOTED_INCLUDE_IN_FRAMEWORK_HEADER = YES;
				CLANG_WARN_RANGE_LOOP_ANALYSIS = YES;
				CLANG_WARN_STRICT_PROTOTYPES = YES;
				CLANG_WARN_SUSPICIOUS_MOVE = YES;
				CLANG_WARN_UNGUARDED_AVAILABILITY = YES_AGGRESSIVE;
				CLANG_WARN_UNREACHABLE_CODE = YES;
				CLANG_WARN__DUPLICATE_METHOD_MATCH = YES;
				COPY_PHASE_STRIP = NO;
				DEBUG_INFORMATION_FORMAT = "dwarf-with-dsym";
				ENABLE_NS_ASSERTIONS = NO;
				ENABLE_STRICT_OBJC_MSGSEND = YES;
				GCC_C_LANGUAGE_STANDARD = gnu11;
				GCC_NO_COMMON_BLOCKS = YES;
				GCC_WARN_64_TO_32_BIT_CONVERSION = YES;
				GCC_WARN_ABOUT_RETURN_TYPE = YES_ERROR;
				GCC_WARN_UNDECLARED_SELECTOR = YES;
				GCC_WARN_UNINITIALIZED_AUTOS = YES_AGGRESSIVE;
				GCC_WARN_UNUSED_FUNCTION = YES;
				GCC_WARN_UNUSED_VARIABLE = YES;
				IPHONEOS_DEPLOYMENT_TARGET = 15.5;
				MTL_ENABLE_DEBUG_INFO = NO;
				MTL_FAST_MATH = YES;
				SDKROOT = iphoneos;
				SWIFT_COMPILATION_MODE = wholemodule;
				SWIFT_OPTIMIZATION_LEVEL = "-O";
				VALIDATE_PRODUCT = YES;
			};
			name = Release;
		};
		9578B17E289E3F23003C75F4 /* Debug */ = {
			isa = XCBuildConfiguration;
			buildSettings = {
				ASSETCATALOG_COMPILER_APPICON_NAME = AppIcon;
				ASSETCATALOG_COMPILER_GLOBAL_ACCENT_COLOR_NAME = AccentColor;
				CODE_SIGN_STYLE = Automatic;
				CURRENT_PROJECT_VERSION = 1;
				DEVELOPMENT_TEAM = 7X9S244452;
				GENERATE_INFOPLIST_FILE = YES;
				INFOPLIST_FILE = "MiniApp-RxSwift-MVVM-Sample03/Info.plist";
				INFOPLIST_KEY_UIApplicationSupportsIndirectInputEvents = YES;
				INFOPLIST_KEY_UILaunchStoryboardName = LaunchScreen;
				INFOPLIST_KEY_UIMainStoryboardFile = Main;
				INFOPLIST_KEY_UISupportedInterfaceOrientations_iPad = "UIInterfaceOrientationPortrait UIInterfaceOrientationPortraitUpsideDown UIInterfaceOrientationLandscapeLeft UIInterfaceOrientationLandscapeRight";
				INFOPLIST_KEY_UISupportedInterfaceOrientations_iPhone = "UIInterfaceOrientationPortrait UIInterfaceOrientationLandscapeLeft UIInterfaceOrientationLandscapeRight";
				LD_RUNPATH_SEARCH_PATHS = (
					"$(inherited)",
					"@executable_path/Frameworks",
				);
				MARKETING_VERSION = 1.0;
				PRODUCT_BUNDLE_IDENTIFIER = "com.mkondo.MiniApp-RxSwift-MVVM-Sample03";
				PRODUCT_NAME = "$(TARGET_NAME)";
				SWIFT_EMIT_LOC_STRINGS = YES;
				SWIFT_VERSION = 5.0;
				TARGETED_DEVICE_FAMILY = "1,2";
			};
			name = Debug;
		};
		9578B17F289E3F23003C75F4 /* Release */ = {
			isa = XCBuildConfiguration;
			buildSettings = {
				ASSETCATALOG_COMPILER_APPICON_NAME = AppIcon;
				ASSETCATALOG_COMPILER_GLOBAL_ACCENT_COLOR_NAME = AccentColor;
				CODE_SIGN_STYLE = Automatic;
				CURRENT_PROJECT_VERSION = 1;
				DEVELOPMENT_TEAM = 7X9S244452;
				GENERATE_INFOPLIST_FILE = YES;
				INFOPLIST_FILE = "MiniApp-RxSwift-MVVM-Sample03/Info.plist";
				INFOPLIST_KEY_UIApplicationSupportsIndirectInputEvents = YES;
				INFOPLIST_KEY_UILaunchStoryboardName = LaunchScreen;
				INFOPLIST_KEY_UIMainStoryboardFile = Main;
				INFOPLIST_KEY_UISupportedInterfaceOrientations_iPad = "UIInterfaceOrientationPortrait UIInterfaceOrientationPortraitUpsideDown UIInterfaceOrientationLandscapeLeft UIInterfaceOrientationLandscapeRight";
				INFOPLIST_KEY_UISupportedInterfaceOrientations_iPhone = "UIInterfaceOrientationPortrait UIInterfaceOrientationLandscapeLeft UIInterfaceOrientationLandscapeRight";
				LD_RUNPATH_SEARCH_PATHS = (
					"$(inherited)",
					"@executable_path/Frameworks",
				);
				MARKETING_VERSION = 1.0;
				PRODUCT_BUNDLE_IDENTIFIER = "com.mkondo.MiniApp-RxSwift-MVVM-Sample03";
				PRODUCT_NAME = "$(TARGET_NAME)";
				SWIFT_EMIT_LOC_STRINGS = YES;
				SWIFT_VERSION = 5.0;
				TARGETED_DEVICE_FAMILY = "1,2";
			};
			name = Release;
		};
/* End XCBuildConfiguration section */

/* Begin XCConfigurationList section */
		9578B164289E3F23003C75F4 /* Build configuration list for PBXProject "MiniApp-RxSwift-MVVM-Sample03" */ = {
			isa = XCConfigurationList;
			buildConfigurations = (
				9578B17B289E3F23003C75F4 /* Debug */,
				9578B17C289E3F23003C75F4 /* Release */,
			);
			defaultConfigurationIsVisible = 0;
			defaultConfigurationName = Release;
		};
		9578B17D289E3F23003C75F4 /* Build configuration list for PBXNativeTarget "MiniApp-RxSwift-MVVM-Sample03" */ = {
			isa = XCConfigurationList;
			buildConfigurations = (
				9578B17E289E3F23003C75F4 /* Debug */,
				9578B17F289E3F23003C75F4 /* Release */,
			);
			defaultConfigurationIsVisible = 0;
			defaultConfigurationName = Release;
		};
/* End XCConfigurationList section */

/* Begin XCRemoteSwiftPackageReference section */
		954C619D289E402A00BA11A1 /* XCRemoteSwiftPackageReference "RxSwift" */ = {
			isa = XCRemoteSwiftPackageReference;
			repositoryURL = "https://github.com/ReactiveX/RxSwift";
			requirement = {
				branch = main;
				kind = branch;
			};
		};
/* End XCRemoteSwiftPackageReference section */

/* Begin XCSwiftPackageProductDependency section */
		954C619E289E402A00BA11A1 /* RxCocoa */ = {
			isa = XCSwiftPackageProductDependency;
			package = 954C619D289E402A00BA11A1 /* XCRemoteSwiftPackageReference "RxSwift" */;
			productName = RxCocoa;
		};
		954C61A0289E402A00BA11A1 /* RxRelay */ = {
			isa = XCSwiftPackageProductDependency;
			package = 954C619D289E402A00BA11A1 /* XCRemoteSwiftPackageReference "RxSwift" */;
			productName = RxRelay;
		};
		954C61A2289E402A00BA11A1 /* RxSwift */ = {
			isa = XCSwiftPackageProductDependency;
			package = 954C619D289E402A00BA11A1 /* XCRemoteSwiftPackageReference "RxSwift" */;
			productName = RxSwift;
		};
/* End XCSwiftPackageProductDependency section */
	};
	rootObject = 9578B161289E3F23003C75F4 /* Project object */;
}
